
Microsoft Visual Studio Solution File, Format Version 12.00
# Visual Studio 14
VisualStudioVersion = 14.0.25420.1
MinimumVisualStudioVersion = 10.0.40219.1
Project("{FAE04EC0-301F-11D3-BF4B-00C04F79EFBC}") = "Sdk", "Sdk\Sdk.csproj", "{C053ED00-3281-44F6-B8C1-F79C2EC39689}"
EndProject
Project("{FAE04EC0-301F-11D3-BF4B-00C04F79EFBC}") = "PenLight", "PenLight\PenLight.csproj", "{58BE63D7-6650-4EA6-AC0D-32D5AEBFC3E6}"
EndProject
Project("{FAE04EC0-301F-11D3-BF4B-00C04F79EFBC}") = "PenFull", "PenFull\PenFull.csproj", "{B0E93927-1EAE-4103-9966-ED411BE39BEB}"
EndProject
Global
	GlobalSection(SolutionConfigurationPlatforms) = preSolution
		Debug|Any CPU = Debug|Any CPU
		Release|Any CPU = Release|Any CPU
	EndGlobalSection
	GlobalSection(ProjectConfigurationPlatforms) = postSolution
		{C053ED00-3281-44F6-B8C1-F79C2EC39689}.Debug|Any CPU.ActiveCfg = Debug|Any CPU
		{C053ED00-3281-44F6-B8C1-F79C2EC39689}.Debug|Any CPU.Build.0 = Debug|Any CPU
		{C053ED00-3281-44F6-B8C1-F79C2EC39689}.Release|Any CPU.ActiveCfg = Release|Any CPU
		{C053ED00-3281-44F6-B8C1-F79C2EC39689}.Release|Any CPU.Build.0 = Release|Any CPU
		{58BE63D7-6650-4EA6-AC0D-32D5AEBFC3E6}.Debug|Any CPU.ActiveCfg = Debug|Any CPU
		{58BE63D7-6650-4EA6-AC0D-32D5AEBFC3E6}.Debug|Any CPU.Build.0 = Debug|Any CPU
		{58BE63D7-6650-4EA6-AC0D-32D5AEBFC3E6}.Release|Any CPU.ActiveCfg = Release|Any CPU
		{58BE63D7-6650-4EA6-AC0D-32D5AEBFC3E6}.Release|Any CPU.Build.0 = Release|Any CPU
		{B0E93927-1EAE-4103-9966-ED411BE39BEB}.Debug|Any CPU.ActiveCfg = Debug|Any CPU
		{B0E93927-1EAE-4103-9966-ED411BE39BEB}.Release|Any CPU.ActiveCfg = Release|Any CPU
	EndGlobalSection
	GlobalSection(SolutionProperties) = preSolution
		HideSolutionNode = FALSE
	EndGlobalSection
EndGlobal
